// !$*UTF8*$!
{
	archiveVersion = 1;
	classes = {
	};
	objectVersion = 46;
	objects = {

/* Begin PBXBuildFile section */
		81D5EC801CFC194E002E7804 /* AppDelegate.swift in Sources */ = {isa = PBXBuildFile; fileRef = 81D5EC7F1CFC194E002E7804 /* AppDelegate.swift */; };
		81D5EC821CFC194E002E7804 /* ViewController.swift in Sources */ = {isa = PBXBuildFile; fileRef = 81D5EC811CFC194E002E7804 /* ViewController.swift */; };
		81D5EC851CFC194E002E7804 /* Main.storyboard in Resources */ = {isa = PBXBuildFile; fileRef = 81D5EC831CFC194E002E7804 /* Main.storyboard */; };
		81D5EC871CFC194E002E7804 /* Assets.xcassets in Resources */ = {isa = PBXBuildFile; fileRef = 81D5EC861CFC194E002E7804 /* Assets.xcassets */; };
		81D5EC8A1CFC194E002E7804 /* LaunchScreen.storyboard in Resources */ = {isa = PBXBuildFile; fileRef = 81D5EC881CFC194E002E7804 /* LaunchScreen.storyboard */; };
/* End PBXBuildFile section */

/* Begin PBXContainerItemProxy section */
		81D5EC911CFC194E002E7804 /* PBXContainerItemProxy */ = {
			isa = PBXContainerItemProxy;
			containerPortal = 81D5EC741CFC194E002E7804 /* Project object */;
			proxyType = 1;
			remoteGlobalIDString = 81D5EC7B1CFC194E002E7804;
			remoteInfo = CoreMotionExercise;
		};
		81D5EC9C1CFC194E002E7804 /* PBXContainerItemProxy */ = {
			isa = PBXContainerItemProxy;
			containerPortal = 81D5EC741CFC194E002E7804 /* Project object */;
			proxyType = 1;
			remoteGlobalIDString = 81D5EC7B1CFC194E002E7804;
			remoteInfo = CoreMotionExercise;
		};
/* End PBXContainerItemProxy section */

/* Begin PBXFileReference section */
		81D5EC7C1CFC194E002E7804 /* CoreMotionExercise.app */ = {isa = PBXFileReference; explicitFileType = wrapper.application; includeInIndex = 0; path = CoreMotionExercise.app; sourceTree = BUILT_PRODUCTS_DIR; };
		81D5EC7F1CFC194E002E7804 /* AppDelegate.swift */ = {isa = PBXFileReference; lastKnownFileType = sourcecode.swift; path = AppDelegate.swift; sourceTree = "<group>"; };
		81D5EC811CFC194E002E7804 /* ViewController.swift */ = {isa = PBXFileReference; lastKnownFileType = sourcecode.swift; path = ViewController.swift; sourceTree = "<group>"; };
		81D5EC841CFC194E002E7804 /* Base */ = {isa = PBXFileReference; lastKnownFileType = file.storyboard; name = Base; path = Base.lproj/Main.storyboard; sourceTree = "<group>"; };
		81D5EC861CFC194E002E7804 /* Assets.xcassets */ = {isa = PBXFileReference; lastKnownFileType = folder.assetcatalog; path = Assets.xcassets; sourceTree = "<group>"; };
		81D5EC891CFC194E002E7804 /* Base */ = {isa = PBXFileReference; lastKnownFileType = file.storyboard; name = Base; path = Base.lproj/LaunchScreen.storyboard; sourceTree = "<group>"; };
		81D5EC8B1CFC194E002E7804 /* Info.plist */ = {isa = PBXFileReference; lastKnownFileType = text.plist.xml; path = Info.plist; sourceTree = "<group>"; };
		81D5EC901CFC194E002E7804 /* CoreMotionExerciseTests.xctest */ = {isa = PBXFileReference; explicitFileType = wrapper.cfbundle; includeInIndex = 0; path = CoreMotionExerciseTests.xctest; sourceTree = BUILT_PRODUCTS_DIR; };
		81D5EC9B1CFC194E002E7804 /* CoreMotionExerciseUITests.xctest */ = {isa = PBXFileReference; explicitFileType = wrapper.cfbundle; includeInIndex = 0; path = CoreMotionExerciseUITests.xctest; sourceTree = BUILT_PRODUCTS_DIR; };
/* End PBXFileReference section */

/* Begin PBXFrameworksBuildPhase section */
		81D5EC791CFC194E002E7804 /* Frameworks */ = {
			isa = PBXFrameworksBuildPhase;
			buildActionMask = 2147483647;
			files = (
			);
			runOnlyForDeploymentPostprocessing = 0;
		};
		81D5EC8D1CFC194E002E7804 /* Frameworks */ = {
			isa = PBXFrameworksBuildPhase;
			buildActionMask = 2147483647;
			files = (
			);
			runOnlyForDeploymentPostprocessing = 0;
		};
		81D5EC981CFC194E002E7804 /* Frameworks */ = {
			isa = PBXFrameworksBuildPhase;
			buildActionMask = 2147483647;
			files = (
			);
			runOnlyForDeploymentPostprocessing = 0;
		};
/* End PBXFrameworksBuildPhase section */

/* Begin PBXGroup section */
		81D5EC731CFC194E002E7804 = {
			isa = PBXGroup;
			children = (
				81D5EC7E1CFC194E002E7804 /* CoreMotionExercise */,
				81D5EC7D1CFC194E002E7804 /* Products */,
			);
			sourceTree = "<group>";
		};
		81D5EC7D1CFC194E002E7804 /* Products */ = {
			isa = PBXGroup;
			children = (
				81D5EC7C1CFC194E002E7804 /* CoreMotionExercise.app */,
				81D5EC901CFC194E002E7804 /* CoreMotionExerciseTests.xctest */,
				81D5EC9B1CFC194E002E7804 /* CoreMotionExerciseUITests.xctest */,
			);
			name = Products;
			sourceTree = "<group>";
		};
		81D5EC7E1CFC194E002E7804 /* CoreMotionExercise */ = {
			isa = PBXGroup;
			children = (
				81D5EC7F1CFC194E002E7804 /* AppDelegate.swift */,
				81D5EC811CFC194E002E7804 /* ViewController.swift */,
				81D5EC831CFC194E002E7804 /* Main.storyboard */,
				81D5EC861CFC194E002E7804 /* Assets.xcassets */,
				81D5EC881CFC194E002E7804 /* LaunchScreen.storyboard */,
				81D5EC8B1CFC194E002E7804 /* Info.plist */,
			);
			path = CoreMotionExercise;
			sourceTree = "<group>";
		};
/* End PBXGroup section */

/* Begin PBXNativeTarget section */
		81D5EC7B1CFC194E002E7804 /* CoreMotionExercise */ = {
			isa = PBXNativeTarget;
			buildConfigurationList = 81D5ECA41CFC194E002E7804 /* Build configuration list for PBXNativeTarget "CoreMotionExercise" */;
			buildPhases = (
				81D5EC781CFC194E002E7804 /* Sources */,
				81D5EC791CFC194E002E7804 /* Frameworks */,
				81D5EC7A1CFC194E002E7804 /* Resources */,
			);
			buildRules = (
			);
			dependencies = (
			);
			name = CoreMotionExercise;
			productName = CoreMotionExercise;
			productReference = 81D5EC7C1CFC194E002E7804 /* CoreMotionExercise.app */;
			productType = "com.apple.product-type.application";
		};
		81D5EC8F1CFC194E002E7804 /* CoreMotionExerciseTests */ = {
			isa = PBXNativeTarget;
			buildConfigurationList = 81D5ECA71CFC194E002E7804 /* Build configuration list for PBXNativeTarget "CoreMotionExerciseTests" */;
			buildPhases = (
				81D5EC8C1CFC194E002E7804 /* Sources */,
				81D5EC8D1CFC194E002E7804 /* Frameworks */,
				81D5EC8E1CFC194E002E7804 /* Resources */,
			);
			buildRules = (
			);
			dependencies = (
				81D5EC921CFC194E002E7804 /* PBXTargetDependency */,
			);
			name = CoreMotionExerciseTests;
			productName = CoreMotionExerciseTests;
			productReference = 81D5EC901CFC194E002E7804 /* CoreMotionExerciseTests.xctest */;
			productType = "com.apple.product-type.bundle.unit-test";
		};
		81D5EC9A1CFC194E002E7804 /* CoreMotionExerciseUITests */ = {
			isa = PBXNativeTarget;
			buildConfigurationList = 81D5ECAA1CFC194E002E7804 /* Build configuration list for PBXNativeTarget "CoreMotionExerciseUITests" */;
			buildPhases = (
				81D5EC971CFC194E002E7804 /* Sources */,
				81D5EC981CFC194E002E7804 /* Frameworks */,
				81D5EC991CFC194E002E7804 /* Resources */,
			);
			buildRules = (
			);
			dependencies = (
				81D5EC9D1CFC194E002E7804 /* PBXTargetDependency */,
			);
			name = CoreMotionExerciseUITests;
			productName = CoreMotionExerciseUITests;
			productReference = 81D5EC9B1CFC194E002E7804 /* CoreMotionExerciseUITests.xctest */;
			productType = "com.apple.product-type.bundle.ui-testing";
		};
/* End PBXNativeTarget section */

/* Begin PBXProject section */
		81D5EC741CFC194E002E7804 /* Project object */ = {
			isa = PBXProject;
			attributes = {
				LastSwiftUpdateCheck = 0730;
				LastUpgradeCheck = 0730;
				ORGANIZATIONNAME = "Alisa Belousova";
				TargetAttributes = {
					81D5EC7B1CFC194E002E7804 = {
						CreatedOnToolsVersion = 7.3.1;
					};
					81D5EC8F1CFC194E002E7804 = {
						CreatedOnToolsVersion = 7.3.1;
						TestTargetID = 81D5EC7B1CFC194E002E7804;
					};
					81D5EC9A1CFC194E002E7804 = {
						CreatedOnToolsVersion = 7.3.1;
						TestTargetID = 81D5EC7B1CFC194E002E7804;
					};
				};
			};
			buildConfigurationList = 81D5EC771CFC194E002E7804 /* Build configuration list for PBXProject "CoreMotionExercise" */;
			compatibilityVersion = "Xcode 3.2";
			developmentRegion = English;
			hasScannedForEncodings = 0;
			knownRegions = (
				en,
				Base,
			);
			mainGroup = 81D5EC731CFC194E002E7804;
			productRefGroup = 81D5EC7D1CFC194E002E7804 /* Products */;
			projectDirPath = "";
			projectRoot = "";
			targets = (
				81D5EC7B1CFC194E002E7804 /* CoreMotionExercise */,
				81D5EC8F1CFC194E002E7804 /* CoreMotionExerciseTests */,
				81D5EC9A1CFC194E002E7804 /* CoreMotionExerciseUITests */,
			);
		};
/* End PBXProject section */

/* Begin PBXResourcesBuildPhase section */
		81D5EC7A1CFC194E002E7804 /* Resources */ = {
			isa = PBXResourcesBuildPhase;
			buildActionMask = 2147483647;
			files = (
				81D5EC8A1CFC194E002E7804 /* LaunchScreen.storyboard in Resources */,
				81D5EC871CFC194E002E7804 /* Assets.xcassets in Resources */,
				81D5EC851CFC194E002E7804 /* Main.storyboard in Resources */,
			);
			runOnlyForDeploymentPostprocessing = 0;
		};
		81D5EC8E1CFC194E002E7804 /* Resources */ = {
			isa = PBXResourcesBuildPhase;
			buildActionMask = 2147483647;
			files = (
			);
			runOnlyForDeploymentPostprocessing = 0;
		};
		81D5EC991CFC194E002E7804 /* Resources */ = {
			isa = PBXResourcesBuildPhase;
			buildActionMask = 2147483647;
			files = (
			);
			runOnlyForDeploymentPostprocessing = 0;
		};
/* End PBXResourcesBuildPhase section */

/* Begin PBXSourcesBuildPhase section */
		81D5EC781CFC194E002E7804 /* Sources */ = {
			isa = PBXSourcesBuildPhase;
			buildActionMask = 2147483647;
			files = (
				81D5EC821CFC194E002E7804 /* ViewController.swift in Sources */,
				81D5EC801CFC194E002E7804 /* AppDelegate.swift in Sources */,
			);
			runOnlyForDeploymentPostprocessing = 0;
		};
		81D5EC8C1CFC194E002E7804 /* Sources */ = {
			isa = PBXSourcesBuildPhase;
			buildActionMask = 2147483647;
			files = (
			);
			runOnlyForDeploymentPostprocessing = 0;
		};
		81D5EC971CFC194E002E7804 /* Sources */ = {
			isa = PBXSourcesBuildPhase;
			buildActionMask = 2147483647;
			files = (
			);
			runOnlyForDeploymentPostprocessing = 0;
		};
/* End PBXSourcesBuildPhase section */

/* Begin PBXTargetDependency section */
		81D5EC921CFC194E002E7804 /* PBXTargetDependency */ = {
			isa = PBXTargetDependency;
			target = 81D5EC7B1CFC194E002E7804 /* CoreMotionExercise */;
			targetProxy = 81D5EC911CFC194E002E7804 /* PBXContainerItemProxy */;
		};
		81D5EC9D1CFC194E002E7804 /* PBXTargetDependency */ = {
			isa = PBXTargetDependency;
			target = 81D5EC7B1CFC194E002E7804 /* CoreMotionExercise */;
			targetProxy = 81D5EC9C1CFC194E002E7804 /* PBXContainerItemProxy */;
		};
/* End PBXTargetDependency section */

/* Begin PBXVariantGroup section */
		81D5EC831CFC194E002E7804 /* Main.storyboard */ = {
			isa = PBXVariantGroup;
			children = (
				81D5EC841CFC194E002E7804 /* Base */,
			);
			name = Main.storyboard;
			sourceTree = "<group>";
		};
		81D5EC881CFC194E002E7804 /* LaunchScreen.storyboard */ = {
			isa = PBXVariantGroup;
			children = (
				81D5EC891CFC194E002E7804 /* Base */,
			);
			name = LaunchScreen.storyboard;
			sourceTree = "<group>";
		};
/* End PBXVariantGroup section */

/* Begin XCBuildConfiguration section */
		81D5ECA21CFC194E002E7804 /* Debug */ = {
			isa = XCBuildConfiguration;
			buildSettings = {
				ALWAYS_SEARCH_USER_PATHS = NO;
				CLANG_ANALYZER_NONNULL = YES;
				CLANG_CXX_LANGUAGE_STANDARD = "gnu++0x";
				CLANG_CXX_LIBRARY = "libc++";
				CLANG_ENABLE_MODULES = YES;
				CLANG_ENABLE_OBJC_ARC = YES;
				CLANG_WARN_BOOL_CONVERSION = YES;
				CLANG_WARN_CONSTANT_CONVERSION = YES;
				CLANG_WARN_DIRECT_OBJC_ISA_USAGE = YES_ERROR;
				CLANG_WARN_EMPTY_BODY = YES;
				CLANG_WARN_ENUM_CONVERSION = YES;
				CLANG_WARN_INT_CONVERSION = YES;
				CLANG_WARN_OBJC_ROOT_CLASS = YES_ERROR;
				CLANG_WARN_UNREACHABLE_CODE = YES;
				CLANG_WARN__DUPLICATE_METHOD_MATCH = YES;
				"CODE_SIGN_IDENTITY[sdk=iphoneos*]" = "iPhone Developer";
				COPY_PHASE_STRIP = NO;
				DEBUG_INFORMATION_FORMAT = dwarf;
				ENABLE_STRICT_OBJC_MSGSEND = YES;
				ENABLE_TESTABILITY = YES;
				GCC_C_LANGUAGE_STANDARD = gnu99;
				GCC_DYNAMIC_NO_PIC = NO;
				GCC_NO_COMMON_BLOCKS = YES;
				GCC_OPTIMIZATION_LEVEL = 0;
				GCC_PREPROCESSOR_DEFINITIONS = (
					"DEBUG=1",
					"$(inherited)",
				);
				GCC_WARN_64_TO_32_BIT_CONVERSION = YES;
				GCC_WARN_ABOUT_RETURN_TYPE = YES_ERROR;
				GCC_WARN_UNDECLARED_SELECTOR = YES;
				GCC_WARN_UNINITIALIZED_AUTOS = YES_AGGRESSIVE;
				GCC_WARN_UNUSED_FUNCTION = YES;
				GCC_WARN_UNUSED_VARIABLE = YES;
				IPHONEOS_DEPLOYMENT_TARGET = 9.3;
				MTL_ENABLE_DEBUG_INFO = YES;
				ONLY_ACTIVE_ARCH = YES;
				SDKROOT = iphoneos;
				SWIFT_OPTIMIZATION_LEVEL = "-Onone";
				TARGETED_DEVICE_FAMILY = "1,2";
			};
			name = Debug;
		};
		81D5ECA31CFC194E002E7804 /* Release */ = {
			isa = XCBuildConfiguration;
			buildSettings = {
				ALWAYS_SEARCH_USER_PATHS = NO;
				CLANG_ANALYZER_NONNULL = YES;
				CLANG_CXX_LANGUAGE_STANDARD = "gnu++0x";
				CLANG_CXX_LIBRARY = "libc++";
				CLANG_ENABLE_MODULES = YES;
				CLANG_ENABLE_OBJC_ARC = YES;
				CLANG_WARN_BOOL_CONVERSION = YES;
				CLANG_WARN_CONSTANT_CONVERSION = YES;
				CLANG_WARN_DIRECT_OBJC_ISA_USAGE = YES_ERROR;
				CLANG_WARN_EMPTY_BODY = YES;
				CLANG_WARN_ENUM_CONVERSION = YES;
				CLANG_WARN_INT_CONVERSION = YES;
				CLANG_WARN_OBJC_ROOT_CLASS = YES_ERROR;
				CLANG_WARN_UNREACHABLE_CODE = YES;
				CLANG_WARN__DUPLICATE_METHOD_MATCH = YES;
				"CODE_SIGN_IDENTITY[sdk=iphoneos*]" = "iPhone Developer";
				COPY_PHASE_STRIP = NO;
				DEBUG_INFORMATION_FORMAT = "dwarf-with-dsym";
				ENABLE_NS_ASSERTIONS = NO;
				ENABLE_STRICT_OBJC_MSGSEND = YES;
				GCC_C_LANGUAGE_STANDARD = gnu99;
				GCC_NO_COMMON_BLOCKS = YES;
				GCC_WARN_64_TO_32_BIT_CONVERSION = YES;
				GCC_WARN_ABOUT_RETURN_TYPE = YES_ERROR;
				GCC_WARN_UNDECLARED_SELECTOR = YES;
				GCC_WARN_UNINITIALIZED_AUTOS = YES_AGGRESSIVE;
				GCC_WARN_UNUSED_FUNCTION = YES;
				GCC_WARN_UNUSED_VARIABLE = YES;
				IPHONEOS_DEPLOYMENT_TARGET = 9.3;
				MTL_ENABLE_DEBUG_INFO = NO;
				SDKROOT = iphoneos;
				TARGETED_DEVICE_FAMILY = "1,2";
				VALIDATE_PRODUCT = YES;
			};
			name = Release;
		};
		81D5ECA51CFC194E002E7804 /* Debug */ = {
			isa = XCBuildConfiguration;
			buildSettings = {
				ASSETCATALOG_COMPILER_APPICON_NAME = AppIcon;
				INFOPLIST_FILE = CoreMotionExercise/Info.plist;
				LD_RUNPATH_SEARCH_PATHS = "$(inherited) @executable_path/Frameworks";
				PRODUCT_BUNDLE_IDENTIFIER = ab.CoreMotionExercise;
				PRODUCT_NAME = "$(TARGET_NAME)";
			};
			name = Debug;
		};
		81D5ECA61CFC194E002E7804 /* Release */ = {
			isa = XCBuildConfiguration;
			buildSettings = {
				ASSETCATALOG_COMPILER_APPICON_NAME = AppIcon;
				INFOPLIST_FILE = CoreMotionExercise/Info.plist;
				LD_RUNPATH_SEARCH_PATHS = "$(inherited) @executable_path/Frameworks";
				PRODUCT_BUNDLE_IDENTIFIER = ab.CoreMotionExercise;
				PRODUCT_NAME = "$(TARGET_NAME)";
			};
			name = Release;
		};
		81D5ECA81CFC194E002E7804 /* Debug */ = {
			isa = XCBuildConfiguration;
			buildSettings = {
				BUNDLE_LOADER = "$(TEST_HOST)";
				INFOPLIST_FILE = CoreMotionExerciseTests/Info.plist;
				LD_RUNPATH_SEARCH_PATHS = "$(inherited) @executable_path/Frameworks @loader_path/Frameworks";
				PRODUCT_BUNDLE_IDENTIFIER = ab.CoreMotionExerciseTests;
				PRODUCT_NAME = "$(TARGET_NAME)";
				TEST_HOST = "$(BUILT_PRODUCTS_DIR)/CoreMotionExercise.app/CoreMotionExercise";
			};
			name = Debug;
		};
		81D5ECA91CFC194E002E7804 /* Release */ = {
			isa = XCBuildConfiguration;
			buildSettings = {
				BUNDLE_LOADER = "$(TEST_HOST)";
				INFOPLIST_FILE = CoreMotionExerciseTests/Info.plist;
				LD_RUNPATH_SEARCH_PATHS = "$(inherited) @executable_path/Frameworks @loader_path/Frameworks";
				PRODUCT_BUNDLE_IDENTIFIER = ab.CoreMotionExerciseTests;
				PRODUCT_NAME = "$(TARGET_NAME)";
				TEST_HOST = "$(BUILT_PRODUCTS_DIR)/CoreMotionExercise.app/CoreMotionExercise";
			};
			name = Release;
		};
		81D5ECAB1CFC194E002E7804 /* Debug */ = {
			isa = XCBuildConfiguration;
			buildSettings = {
				INFOPLIST_FILE = CoreMotionExerciseUITests/Info.plist;
				LD_RUNPATH_SEARCH_PATHS = "$(inherited) @executable_path/Frameworks @loader_path/Frameworks";
				PRODUCT_BUNDLE_IDENTIFIER = ab.CoreMotionExerciseUITests;
				PRODUCT_NAME = "$(TARGET_NAME)";
				TEST_TARGET_NAME = CoreMotionExercise;
			};
			name = Debug;
		};
		81D5ECAC1CFC194E002E7804 /* Release */ = {
			isa = XCBuildConfiguration;
			buildSettings = {
				INFOPLIST_FILE = CoreMotionExerciseUITests/Info.plist;
				LD_RUNPATH_SEARCH_PATHS = "$(inherited) @executable_path/Frameworks @loader_path/Frameworks";
				PRODUCT_BUNDLE_IDENTIFIER = ab.CoreMotionExerciseUITests;
				PRODUCT_NAME = "$(TARGET_NAME)";
				TEST_TARGET_NAME = CoreMotionExercise;
			};
			name = Release;
		};
/* End XCBuildConfiguration section */

/* Begin XCConfigurationList section */
		81D5EC771CFC194E002E7804 /* Build configuration list for PBXProject "CoreMotionExercise" */ = {
			isa = XCConfigurationList;
			buildConfigurations = (
				81D5ECA21CFC194E002E7804 /* Debug */,
				81D5ECA31CFC194E002E7804 /* Release */,
			);
			defaultConfigurationIsVisible = 0;
			defaultConfigurationName = Release;
		};
		81D5ECA41CFC194E002E7804 /* Build configuration list for PBXNativeTarget "CoreMotionExercise" */ = {
			isa = XCConfigurationList;
			buildConfigurations = (
				81D5ECA51CFC194E002E7804 /* Debug */,
				81D5ECA61CFC194E002E7804 /* Release */,
			);
			defaultConfigurationIsVisible = 0;
		};
		81D5ECA71CFC194E002E7804 /* Build configuration list for PBXNativeTarget "CoreMotionExerciseTests" */ = {
			isa = XCConfigurationList;
			buildConfigurations = (
				81D5ECA81CFC194E002E7804 /* Debug */,
				81D5ECA91CFC194E002E7804 /* Release */,
			);
			defaultConfigurationIsVisible = 0;
		};
		81D5ECAA1CFC194E002E7804 /* Build configuration list for PBXNativeTarget "CoreMotionExerciseUITests" */ = {
			isa = XCConfigurationList;
			buildConfigurations = (
				81D5ECAB1CFC194E002E7804 /* Debug */,
				81D5ECAC1CFC194E002E7804 /* Release */,
			);
			defaultConfigurationIsVisible = 0;
		};
/* End XCConfigurationList section */
	};
	rootObject = 81D5EC741CFC194E002E7804 /* Project object */;
}
